
Microsoft Visual Studio Solution File, Format Version 12.00
# Visual Studio 15
VisualStudioVersion = 15.0.28307.960
MinimumVisualStudioVersion = 10.0.40219.1
Project("{9A19103F-16F7-4668-BE54-9A1E7A4F7556}") = "FSE_DataAccess", "FSE_DataAccess\FSE_DataAccess.csproj", "{2D7603A8-032C-4047-BE43-6131006F7E98}"
EndProject
Project("{9A19103F-16F7-4668-BE54-9A1E7A4F7556}") = "FSE_AUTH_API", "FSE_AUTH_API\FSE_AUTH_API.csproj", "{D91B8E72-0E2B-480A-9C7B-32123644DEF8}"
EndProject
Project("{9A19103F-16F7-4668-BE54-9A1E7A4F7556}") = "FSE_API_Gateway", "FSE_API_Gateway\FSE_API_Gateway.csproj", "{BA6C6249-9A83-407A-B326-25540FA4A50B}"
EndProject
Project("{9A19103F-16F7-4668-BE54-9A1E7A4F7556}") = "FSE_API_MODEL", "FSE_API_MODEL\FSE_API_MODEL.csproj", "{B097A8BC-B6A8-498D-8DA0-4D330DE4D3A4}"
EndProject
Project("{9A19103F-16F7-4668-BE54-9A1E7A4F7556}") = "EventServices", "EventServices\EventServices.csproj", "{F101963D-2F0F-4A41-A7E5-88195F742F1C}"
EndProject
Project("{9A19103F-16F7-4668-BE54-9A1E7A4F7556}") = "FSE_BusinessLayer", "FSE_BusinessLayer\FSE_BusinessLayer.csproj", "{E667ED23-EAD1-4251-B6D6-8CDEFDB99502}"
EndProject
Project("{FAE04EC0-301F-11D3-BF4B-00C04F79EFBC}") = "UserServices", "UserServices\UserServices.csproj", "{CA7420DD-EC9E-4CD2-BFD1-EB7D6D448FF3}"
EndProject
Global
	GlobalSection(SolutionConfigurationPlatforms) = preSolution
		Debug|Any CPU = Debug|Any CPU
		Release|Any CPU = Release|Any CPU
	EndGlobalSection
	GlobalSection(ProjectConfigurationPlatforms) = postSolution
		{2D7603A8-032C-4047-BE43-6131006F7E98}.Debug|Any CPU.ActiveCfg = Debug|Any CPU
		{2D7603A8-032C-4047-BE43-6131006F7E98}.Debug|Any CPU.Build.0 = Debug|Any CPU
		{2D7603A8-032C-4047-BE43-6131006F7E98}.Release|Any CPU.ActiveCfg = Release|Any CPU
		{2D7603A8-032C-4047-BE43-6131006F7E98}.Release|Any CPU.Build.0 = Release|Any CPU
		{D91B8E72-0E2B-480A-9C7B-32123644DEF8}.Debug|Any CPU.ActiveCfg = Debug|Any CPU
		{D91B8E72-0E2B-480A-9C7B-32123644DEF8}.Debug|Any CPU.Build.0 = Debug|Any CPU
		{D91B8E72-0E2B-480A-9C7B-32123644DEF8}.Release|Any CPU.ActiveCfg = Release|Any CPU
		{D91B8E72-0E2B-480A-9C7B-32123644DEF8}.Release|Any CPU.Build.0 = Release|Any CPU
		{BA6C6249-9A83-407A-B326-25540FA4A50B}.Debug|Any CPU.ActiveCfg = Debug|Any CPU
		{BA6C6249-9A83-407A-B326-25540FA4A50B}.Debug|Any CPU.Build.0 = Debug|Any CPU
		{BA6C6249-9A83-407A-B326-25540FA4A50B}.Release|Any CPU.ActiveCfg = Release|Any CPU
		{BA6C6249-9A83-407A-B326-25540FA4A50B}.Release|Any CPU.Build.0 = Release|Any CPU
		{B097A8BC-B6A8-498D-8DA0-4D330DE4D3A4}.Debug|Any CPU.ActiveCfg = Debug|Any CPU
		{B097A8BC-B6A8-498D-8DA0-4D330DE4D3A4}.Debug|Any CPU.Build.0 = Debug|Any CPU
		{B097A8BC-B6A8-498D-8DA0-4D330DE4D3A4}.Release|Any CPU.ActiveCfg = Release|Any CPU
		{B097A8BC-B6A8-498D-8DA0-4D330DE4D3A4}.Release|Any CPU.Build.0 = Release|Any CPU
		{F101963D-2F0F-4A41-A7E5-88195F742F1C}.Debug|Any CPU.ActiveCfg = Debug|Any CPU
		{F101963D-2F0F-4A41-A7E5-88195F742F1C}.Debug|Any CPU.Build.0 = Debug|Any CPU
		{F101963D-2F0F-4A41-A7E5-88195F742F1C}.Release|Any CPU.ActiveCfg = Release|Any CPU
		{F101963D-2F0F-4A41-A7E5-88195F742F1C}.Release|Any CPU.Build.0 = Release|Any CPU
		{E667ED23-EAD1-4251-B6D6-8CDEFDB99502}.Debug|Any CPU.ActiveCfg = Debug|Any CPU
		{E667ED23-EAD1-4251-B6D6-8CDEFDB99502}.Debug|Any CPU.Build.0 = Debug|Any CPU
		{E667ED23-EAD1-4251-B6D6-8CDEFDB99502}.Release|Any CPU.ActiveCfg = Release|Any CPU
		{E667ED23-EAD1-4251-B6D6-8CDEFDB99502}.Release|Any CPU.Build.0 = Release|Any CPU
		{CA7420DD-EC9E-4CD2-BFD1-EB7D6D448FF3}.Debug|Any CPU.ActiveCfg = Debug|Any CPU
		{CA7420DD-EC9E-4CD2-BFD1-EB7D6D448FF3}.Debug|Any CPU.Build.0 = Debug|Any CPU
		{CA7420DD-EC9E-4CD2-BFD1-EB7D6D448FF3}.Release|Any CPU.ActiveCfg = Release|Any CPU
		{CA7420DD-EC9E-4CD2-BFD1-EB7D6D448FF3}.Release|Any CPU.Build.0 = Release|Any CPU
	EndGlobalSection
	GlobalSection(SolutionProperties) = preSolution
		HideSolutionNode = FALSE
	EndGlobalSection
	GlobalSection(ExtensibilityGlobals) = postSolution
		SolutionGuid = {14C9B110-96AA-4E09-AC48-540E4152AADB}
	EndGlobalSection
EndGlobal
